
Microsoft Visual Studio Solution File, Format Version 12.00
# Visual Studio 15
VisualStudioVersion = 15.0.28307.489
MinimumVisualStudioVersion = 10.0.40219.1
Project("{8BC9CEB8-8B4A-11D0-8D11-00A0C91BC942}") = "Sort_Test", "Sort_Test\Sort_Test.vcxproj", "{E21AA598-C861-4731-A241-0160C19120BE}"
EndProject
Project("{8BC9CEB8-8B4A-11D0-8D11-00A0C91BC942}") = "sa", "sa\sa.vcxproj", "{642D07F4-6DE1-4C8B-9E25-8CED1A4DFDFE}"
EndProject
Project("{8BC9CEB8-8B4A-11D0-8D11-00A0C91BC942}") = "Advanced_Sort", "Advanced_Sort\Advanced_Sort.vcxproj", "{A05BF31C-BBD2-4D4C-B002-B000ACEBB12C}"
EndProject
Global
	GlobalSection(SolutionConfigurationPlatforms) = preSolution
		Debug|x64 = Debug|x64
		Debug|x86 = Debug|x86
		Release|x64 = Release|x64
		Release|x86 = Release|x86
	EndGlobalSection
	GlobalSection(ProjectConfigurationPlatforms) = postSolution
		{E21AA598-C861-4731-A241-0160C19120BE}.Debug|x64.ActiveCfg = Debug|x64
		{E21AA598-C861-4731-A241-0160C19120BE}.Debug|x64.Build.0 = Debug|x64
		{E21AA598-C861-4731-A241-0160C19120BE}.Debug|x86.ActiveCfg = Debug|Win32
		{E21AA598-C861-4731-A241-0160C19120BE}.Debug|x86.Build.0 = Debug|Win32
		{E21AA598-C861-4731-A241-0160C19120BE}.Release|x64.ActiveCfg = Release|x64
		{E21AA598-C861-4731-A241-0160C19120BE}.Release|x64.Build.0 = Release|x64
		{E21AA598-C861-4731-A241-0160C19120BE}.Release|x86.ActiveCfg = Release|Win32
		{E21AA598-C861-4731-A241-0160C19120BE}.Release|x86.Build.0 = Release|Win32
		{642D07F4-6DE1-4C8B-9E25-8CED1A4DFDFE}.Debug|x64.ActiveCfg = Debug|x64
		{642D07F4-6DE1-4C8B-9E25-8CED1A4DFDFE}.Debug|x64.Build.0 = Debug|x64
		{642D07F4-6DE1-4C8B-9E25-8CED1A4DFDFE}.Debug|x86.ActiveCfg = Debug|Win32
		{642D07F4-6DE1-4C8B-9E25-8CED1A4DFDFE}.Debug|x86.Build.0 = Debug|Win32
		{642D07F4-6DE1-4C8B-9E25-8CED1A4DFDFE}.Release|x64.ActiveCfg = Release|x64
		{642D07F4-6DE1-4C8B-9E25-8CED1A4DFDFE}.Release|x64.Build.0 = Release|x64
		{642D07F4-6DE1-4C8B-9E25-8CED1A4DFDFE}.Release|x86.ActiveCfg = Release|Win32
		{642D07F4-6DE1-4C8B-9E25-8CED1A4DFDFE}.Release|x86.Build.0 = Release|Win32
		{A05BF31C-BBD2-4D4C-B002-B000ACEBB12C}.Debug|x64.ActiveCfg = Debug|x64
		{A05BF31C-BBD2-4D4C-B002-B000ACEBB12C}.Debug|x64.Build.0 = Debug|x64
		{A05BF31C-BBD2-4D4C-B002-B000ACEBB12C}.Debug|x86.ActiveCfg = Debug|Win32
		{A05BF31C-BBD2-4D4C-B002-B000ACEBB12C}.Debug|x86.Build.0 = Debug|Win32
		{A05BF31C-BBD2-4D4C-B002-B000ACEBB12C}.Release|x64.ActiveCfg = Release|x64
		{A05BF31C-BBD2-4D4C-B002-B000ACEBB12C}.Release|x64.Build.0 = Release|x64
		{A05BF31C-BBD2-4D4C-B002-B000ACEBB12C}.Release|x86.ActiveCfg = Release|Win32
		{A05BF31C-BBD2-4D4C-B002-B000ACEBB12C}.Release|x86.Build.0 = Release|Win32
	EndGlobalSection
	GlobalSection(SolutionProperties) = preSolution
		HideSolutionNode = FALSE
	EndGlobalSection
	GlobalSection(ExtensibilityGlobals) = postSolution
		SolutionGuid = {6587E318-6D0C-4B08-9704-93ED5E77ECE2}
	EndGlobalSection
EndGlobal
